
Microsoft Visual Studio Solution File, Format Version 12.00
# Visual Studio 2013
VisualStudioVersion = 12.0.31101.0
MinimumVisualStudioVersion = 10.0.40219.1
Project("{FAE04EC0-301F-11D3-BF4B-00C04F79EFBC}") = "GettingStarted", "GettingStarted\GettingStarted.csproj", "{F02D8B37-7C1E-47DA-A364-C99550DF9B26}"
EndProject
Project("{FAE04EC0-301F-11D3-BF4B-00C04F79EFBC}") = "SecondWebApp", "SecondWebApp\SecondWebApp.csproj", "{DF55FE72-8FCF-41B7-87EA-A11B1171D427}"
EndProject
Global
	GlobalSection(SolutionConfigurationPlatforms) = preSolution
		Debug|Any CPU = Debug|Any CPU
		Release|Any CPU = Release|Any CPU
	EndGlobalSection
	GlobalSection(ProjectConfigurationPlatforms) = postSolution
		{F02D8B37-7C1E-47DA-A364-C99550DF9B26}.Debug|Any CPU.ActiveCfg = Debug|Any CPU
		{F02D8B37-7C1E-47DA-A364-C99550DF9B26}.Debug|Any CPU.Build.0 = Debug|Any CPU
		{F02D8B37-7C1E-47DA-A364-C99550DF9B26}.Release|Any CPU.ActiveCfg = Release|Any CPU
		{F02D8B37-7C1E-47DA-A364-C99550DF9B26}.Release|Any CPU.Build.0 = Release|Any CPU
		{DF55FE72-8FCF-41B7-87EA-A11B1171D427}.Debug|Any CPU.ActiveCfg = Debug|Any CPU
		{DF55FE72-8FCF-41B7-87EA-A11B1171D427}.Debug|Any CPU.Build.0 = Debug|Any CPU
		{DF55FE72-8FCF-41B7-87EA-A11B1171D427}.Release|Any CPU.ActiveCfg = Release|Any CPU
		{DF55FE72-8FCF-41B7-87EA-A11B1171D427}.Release|Any CPU.Build.0 = Release|Any CPU
	EndGlobalSection
	GlobalSection(SolutionProperties) = preSolution
		HideSolutionNode = FALSE
	EndGlobalSection
EndGlobal
